
Microsoft Visual Studio Solution File, Format Version 12.00
# Visual Studio Version 16
VisualStudioVersion = 16.0.31911.196
MinimumVisualStudioVersion = 10.0.40219.1
Project("{FAE04EC0-301F-11D3-BF4B-00C04F79EFBC}") = "Игрулька", "Игрулька\Игрулька.csproj", "{67EBCAB2-0B22-4261-9E82-47B7E41B482C}"
EndProject
Global
	GlobalSection(SolutionConfigurationPlatforms) = preSolution
		Debug|Any CPU = Debug|Any CPU
		Release|Any CPU = Release|Any CPU
	EndGlobalSection
	GlobalSection(ProjectConfigurationPlatforms) = postSolution
		{67EBCAB2-0B22-4261-9E82-47B7E41B482C}.Debug|Any CPU.ActiveCfg = Debug|Any CPU
		{67EBCAB2-0B22-4261-9E82-47B7E41B482C}.Debug|Any CPU.Build.0 = Debug|Any CPU
		{67EBCAB2-0B22-4261-9E82-47B7E41B482C}.Release|Any CPU.ActiveCfg = Release|Any CPU
		{67EBCAB2-0B22-4261-9E82-47B7E41B482C}.Release|Any CPU.Build.0 = Release|Any CPU
	EndGlobalSection
	GlobalSection(SolutionProperties) = preSolution
		HideSolutionNode = FALSE
	EndGlobalSection
	GlobalSection(ExtensibilityGlobals) = postSolution
		SolutionGuid = {A10FE002-54EA-4599-AE97-7AB0A82316FA}
	EndGlobalSection
EndGlobal
